<?xml version="1.0" encoding="utf-8"?>
<Project ToolsVersion="4.0" xmlns="http://schemas.microsoft.com/developer/msbuild/2003">
  <ItemGroup>
    <ClCompile Include="..\src\ctp_box\main.cpp" />
    <ClCompile Include="..\src\ctp_box\mymdspi.cpp" />
  </ItemGroup>
  <ItemGroup>
    <ClInclude Include="..\src\ctp_box\mymdspi.h" />
    <ClInclude Include="..\3rdparty\ctpapi\include\ThostFtdcMdApi.h">
      <Filter>ctp_api</Filter>
    </ClInclude>
    <ClInclude Include="..\3rdparty\ctpapi\include\ThostFtdcTraderApi.h">
      <Filter>ctp_api</Filter>
    </ClInclude>
    <ClInclude Include="..\3rdparty\ctpapi\include\ThostFtdcUserApiDataType.h">
      <Filter>ctp_api</Filter>
    </ClInclude>
    <ClInclude Include="..\3rdparty\ctpapi\include\ThostFtdcUserApiStruct.h">
      <Filter>ctp_api</Filter>
    </ClInclude>
  </ItemGroup>
  <ItemGroup>
    <Filter Include="ctp_api">
      <UniqueIdentifier>{eef18171-a525-4c66-8f53-060400e765fd}</UniqueIdentifier>
    </Filter>
  </ItemGroup>
</Project>